
Microsoft Visual Studio Solution File, Format Version 12.00
# Visual Studio Version 16
VisualStudioVersion = 16.0.30406.217
MinimumVisualStudioVersion = 10.0.40219.1
Project("{9A19103F-16F7-4668-BE54-9A1E7A4F7556}") = "BarCodeLab", "BarCodeLab\BarCodeLab.csproj", "{B81146B4-2387-480D-B788-E7BBA2BF6855}"
EndProject
Global
	GlobalSection(SolutionConfigurationPlatforms) = preSolution
		Debug|Any CPU = Debug|Any CPU
		Release|Any CPU = Release|Any CPU
	EndGlobalSection
	GlobalSection(ProjectConfigurationPlatforms) = postSolution
		{B81146B4-2387-480D-B788-E7BBA2BF6855}.Debug|Any CPU.ActiveCfg = Debug|Any CPU
		{B81146B4-2387-480D-B788-E7BBA2BF6855}.Debug|Any CPU.Build.0 = Debug|Any CPU
		{B81146B4-2387-480D-B788-E7BBA2BF6855}.Release|Any CPU.ActiveCfg = Release|Any CPU
		{B81146B4-2387-480D-B788-E7BBA2BF6855}.Release|Any CPU.Build.0 = Release|Any CPU
	EndGlobalSection
	GlobalSection(SolutionProperties) = preSolution
		HideSolutionNode = FALSE
	EndGlobalSection
	GlobalSection(ExtensibilityGlobals) = postSolution
		SolutionGuid = {019E0CB1-F893-40CC-B254-E4355260E09B}
	EndGlobalSection
EndGlobal
